
Microsoft Visual Studio Solution File, Format Version 12.00
# Visual Studio 15
VisualStudioVersion = 15.0.26124.0
MinimumVisualStudioVersion = 15.0.26124.0
Project("{FAE04EC0-301F-11D3-BF4B-00C04F79EFBC}") = "Data", "Data\Data.csproj", "{7BDC5EC1-316A-449A-8E67-9DF161173A3B}"
EndProject
Project("{FAE04EC0-301F-11D3-BF4B-00C04F79EFBC}") = "Domain", "Domain\Domain.csproj", "{FA85DED4-C85D-4F09-983A-3DA106E9B653}"
EndProject
Project("{FAE04EC0-301F-11D3-BF4B-00C04F79EFBC}") = "Services", "Services\Services.csproj", "{5FB999DA-5913-4373-B690-C83DBD94BEA9}"
EndProject
Project("{FAE04EC0-301F-11D3-BF4B-00C04F79EFBC}") = "Api", "Api\Api.csproj", "{D3E39C6D-9644-4CCC-9A62-9B49B2A618B0}"
EndProject
Global
	GlobalSection(SolutionConfigurationPlatforms) = preSolution
		Debug|Any CPU = Debug|Any CPU
		Debug|x64 = Debug|x64
		Debug|x86 = Debug|x86
		Release|Any CPU = Release|Any CPU
		Release|x64 = Release|x64
		Release|x86 = Release|x86
	EndGlobalSection
	GlobalSection(SolutionProperties) = preSolution
		HideSolutionNode = FALSE
	EndGlobalSection
	GlobalSection(ProjectConfigurationPlatforms) = postSolution
		{7BDC5EC1-316A-449A-8E67-9DF161173A3B}.Debug|Any CPU.ActiveCfg = Debug|Any CPU
		{7BDC5EC1-316A-449A-8E67-9DF161173A3B}.Debug|Any CPU.Build.0 = Debug|Any CPU
		{7BDC5EC1-316A-449A-8E67-9DF161173A3B}.Debug|x64.ActiveCfg = Debug|Any CPU
		{7BDC5EC1-316A-449A-8E67-9DF161173A3B}.Debug|x64.Build.0 = Debug|Any CPU
		{7BDC5EC1-316A-449A-8E67-9DF161173A3B}.Debug|x86.ActiveCfg = Debug|Any CPU
		{7BDC5EC1-316A-449A-8E67-9DF161173A3B}.Debug|x86.Build.0 = Debug|Any CPU
		{7BDC5EC1-316A-449A-8E67-9DF161173A3B}.Release|Any CPU.ActiveCfg = Release|Any CPU
		{7BDC5EC1-316A-449A-8E67-9DF161173A3B}.Release|Any CPU.Build.0 = Release|Any CPU
		{7BDC5EC1-316A-449A-8E67-9DF161173A3B}.Release|x64.ActiveCfg = Release|Any CPU
		{7BDC5EC1-316A-449A-8E67-9DF161173A3B}.Release|x64.Build.0 = Release|Any CPU
		{7BDC5EC1-316A-449A-8E67-9DF161173A3B}.Release|x86.ActiveCfg = Release|Any CPU
		{7BDC5EC1-316A-449A-8E67-9DF161173A3B}.Release|x86.Build.0 = Release|Any CPU
		{FA85DED4-C85D-4F09-983A-3DA106E9B653}.Debug|Any CPU.ActiveCfg = Debug|Any CPU
		{FA85DED4-C85D-4F09-983A-3DA106E9B653}.Debug|Any CPU.Build.0 = Debug|Any CPU
		{FA85DED4-C85D-4F09-983A-3DA106E9B653}.Debug|x64.ActiveCfg = Debug|Any CPU
		{FA85DED4-C85D-4F09-983A-3DA106E9B653}.Debug|x64.Build.0 = Debug|Any CPU
		{FA85DED4-C85D-4F09-983A-3DA106E9B653}.Debug|x86.ActiveCfg = Debug|Any CPU
		{FA85DED4-C85D-4F09-983A-3DA106E9B653}.Debug|x86.Build.0 = Debug|Any CPU
		{FA85DED4-C85D-4F09-983A-3DA106E9B653}.Release|Any CPU.ActiveCfg = Release|Any CPU
		{FA85DED4-C85D-4F09-983A-3DA106E9B653}.Release|Any CPU.Build.0 = Release|Any CPU
		{FA85DED4-C85D-4F09-983A-3DA106E9B653}.Release|x64.ActiveCfg = Release|Any CPU
		{FA85DED4-C85D-4F09-983A-3DA106E9B653}.Release|x64.Build.0 = Release|Any CPU
		{FA85DED4-C85D-4F09-983A-3DA106E9B653}.Release|x86.ActiveCfg = Release|Any CPU
		{FA85DED4-C85D-4F09-983A-3DA106E9B653}.Release|x86.Build.0 = Release|Any CPU
		{5FB999DA-5913-4373-B690-C83DBD94BEA9}.Debug|Any CPU.ActiveCfg = Debug|Any CPU
		{5FB999DA-5913-4373-B690-C83DBD94BEA9}.Debug|Any CPU.Build.0 = Debug|Any CPU
		{5FB999DA-5913-4373-B690-C83DBD94BEA9}.Debug|x64.ActiveCfg = Debug|Any CPU
		{5FB999DA-5913-4373-B690-C83DBD94BEA9}.Debug|x64.Build.0 = Debug|Any CPU
		{5FB999DA-5913-4373-B690-C83DBD94BEA9}.Debug|x86.ActiveCfg = Debug|Any CPU
		{5FB999DA-5913-4373-B690-C83DBD94BEA9}.Debug|x86.Build.0 = Debug|Any CPU
		{5FB999DA-5913-4373-B690-C83DBD94BEA9}.Release|Any CPU.ActiveCfg = Release|Any CPU
		{5FB999DA-5913-4373-B690-C83DBD94BEA9}.Release|Any CPU.Build.0 = Release|Any CPU
		{5FB999DA-5913-4373-B690-C83DBD94BEA9}.Release|x64.ActiveCfg = Release|Any CPU
		{5FB999DA-5913-4373-B690-C83DBD94BEA9}.Release|x64.Build.0 = Release|Any CPU
		{5FB999DA-5913-4373-B690-C83DBD94BEA9}.Release|x86.ActiveCfg = Release|Any CPU
		{5FB999DA-5913-4373-B690-C83DBD94BEA9}.Release|x86.Build.0 = Release|Any CPU
		{D3E39C6D-9644-4CCC-9A62-9B49B2A618B0}.Debug|Any CPU.ActiveCfg = Debug|Any CPU
		{D3E39C6D-9644-4CCC-9A62-9B49B2A618B0}.Debug|Any CPU.Build.0 = Debug|Any CPU
		{D3E39C6D-9644-4CCC-9A62-9B49B2A618B0}.Debug|x64.ActiveCfg = Debug|Any CPU
		{D3E39C6D-9644-4CCC-9A62-9B49B2A618B0}.Debug|x64.Build.0 = Debug|Any CPU
		{D3E39C6D-9644-4CCC-9A62-9B49B2A618B0}.Debug|x86.ActiveCfg = Debug|Any CPU
		{D3E39C6D-9644-4CCC-9A62-9B49B2A618B0}.Debug|x86.Build.0 = Debug|Any CPU
		{D3E39C6D-9644-4CCC-9A62-9B49B2A618B0}.Release|Any CPU.ActiveCfg = Release|Any CPU
		{D3E39C6D-9644-4CCC-9A62-9B49B2A618B0}.Release|Any CPU.Build.0 = Release|Any CPU
		{D3E39C6D-9644-4CCC-9A62-9B49B2A618B0}.Release|x64.ActiveCfg = Release|Any CPU
		{D3E39C6D-9644-4CCC-9A62-9B49B2A618B0}.Release|x64.Build.0 = Release|Any CPU
		{D3E39C6D-9644-4CCC-9A62-9B49B2A618B0}.Release|x86.ActiveCfg = Release|Any CPU
		{D3E39C6D-9644-4CCC-9A62-9B49B2A618B0}.Release|x86.Build.0 = Release|Any CPU
	EndGlobalSection
EndGlobal
